{
  "name": "ui5-webcomponents-starter",
  "version": "1.0.0",
  "lockfileVersion": 1,
  "requires": true,
  "dependencies": {
    "@sap-theming/theming-base-content": {
      "version": "11.1.19",
      "resolved": "https://registry.npmjs.org/@sap-theming/theming-base-content/-/theming-base-content-11.1.19.tgz",
      "integrity": "sha512-0RIoniX0XgQDMfMsySvNDeXVGtH3UQRQMkJYFIkaq/nrTGSyfXT9k+B4CbTf4546dyrlLM0YoaHIOtxmMsh1ZA=="
    },
    "@ui5/webcomponents": {
      "version": "1.0.0-rc.9",
      "resolved": "https://registry.npmjs.org/@ui5/webcomponents/-/webcomponents-1.0.0-rc.9.tgz",
      "integrity": "sha512-AItOkjFD4gN79THuHyZxfsmfMMj5D6UBf3KqT6GeB7kdtKwEIxMMrQL51aMG4JCG+fIwpBBRTmsS7Dqymqf0XQ==",
      "requires": {
        "@ui5/webcomponents-base": "0.24.0",
        "@ui5/webcomponents-icons": "1.0.0-rc.9",
        "@ui5/webcomponents-localization": "0.24.0",
        "@ui5/webcomponents-theme-base": "1.0.0-rc.9"
      }
    },
    "@ui5/webcomponents-base": {
      "version": "0.24.0",
      "resolved": "https://registry.npmjs.org/@ui5/webcomponents-base/-/webcomponents-base-0.24.0.tgz",
      "integrity": "sha512-UPDKaBjRAOt4yXzyvKien/gnfloL1W+CxNq+G++91dh8TdpTcBxxLPUL+T6WSUiOohLnsYa7SSsC6bS7bFbDYg==",
      "requires": {
        "css-vars-ponyfill": "^2.1.2",
        "lit-html": "^1.0.0",
        "regenerator-runtime": "0.12.1",
        "url-search-params-polyfill": "^5.0.0"
      }
    },
    "@ui5/webcomponents-icons": {
      "version": "1.0.0-rc.9",
      "resolved": "https://registry.npmjs.org/@ui5/webcomponents-icons/-/webcomponents-icons-1.0.0-rc.9.tgz",
      "integrity": "sha512-rIKsoipRcL4zsz7QrHGjVGX7B8p0Bx6v6C/1CLxSkkvRXsqLRLn/Woo9Lepe+g1CkjXe3hnjUMeleUya8EjKIQ==",
      "requires": {
        "@ui5/webcomponents-base": "0.24.0"
      }
    },
    "@ui5/webcomponents-localization": {
      "version": "0.24.0",
      "resolved": "https://registry.npmjs.org/@ui5/webcomponents-localization/-/webcomponents-localization-0.24.0.tgz",
      "integrity": "sha512-jvw5LxsAKMmAZ6CMvIejJUaWyuCIR1CWqwaY+4klHkBJjuAjOIq3kyBZREi+MyUTv1LyfG8UMaoCLPSxgDnN9g==",
      "requires": {
        "@ui5/webcomponents-base": "0.24.0"
      }
    },
    "@ui5/webcomponents-theme-base": {
      "version": "1.0.0-rc.9",
      "resolved": "https://registry.npmjs.org/@ui5/webcomponents-theme-base/-/webcomponents-theme-base-1.0.0-rc.9.tgz",
      "integrity": "sha512-g1oqdm7zsp96G861EjfU4mIpKbcCk3mVb6Lp/Nz4FQJO8hzAGc+yCIfCC6ckwWNmumkLB6hJzSZtVBt7z0W/Rw==",
      "requires": {
        "@sap-theming/theming-base-content": "11.1.19",
        "@ui5/webcomponents-base": "0.24.0"
      }
    },
    "css-vars-ponyfill": {
      "version": "2.3.2",
      "resolved": "https://registry.npmjs.org/css-vars-ponyfill/-/css-vars-ponyfill-2.3.2.tgz",
      "integrity": "sha512-XkZfj0ROhem0Zdv44+LF15COsYmxnqL7Wd/gvwuWAauYoALbt2x94b6dIKF9fB6SIyOMYEQngA82t9RnC6b/aw=="
    },
    "js-tokens": {
      "version": "4.0.0",
      "resolved": "https://registry.npmjs.org/js-tokens/-/js-tokens-4.0.0.tgz",
      "integrity": "sha512-RdJUflcE3cUzKiMqQgsCu06FPu9UdIJO0beYbPhHN4k6apgJtifcoCtT9bcxOpYBtpD2kCM6Sbzg4CausW/PKQ=="
    },
    "lit-html": {
      "version": "1.3.0",
      "resolved": "https://registry.npmjs.org/lit-html/-/lit-html-1.3.0.tgz",
      "integrity": "sha512-0Q1bwmaFH9O14vycPHw8C/IeHMk/uSDldVLIefu/kfbTBGIc44KGH6A8p1bDfxUfHdc8q6Ct7kQklWoHgr4t1Q=="
    },
    "loose-envify": {
      "version": "1.4.0",
      "resolved": "https://registry.npmjs.org/loose-envify/-/loose-envify-1.4.0.tgz",
      "integrity": "sha512-lyuxPGr/Wfhrlem2CL/UcnUc1zcqKAImBDzukY7Y5F/yQiNdko6+fRLevlw1HgMySw7f611UIY408EtxRSoK3Q==",
      "requires": {
        "js-tokens": "^3.0.0 || ^4.0.0"
      }
    },
    "main.css": {
      "version": "2.1.0",
      "resolved": "https://registry.npmjs.org/main.css/-/main.css-2.1.0.tgz",
      "integrity": "sha512-nKb/vy0+0Y/OFVzHWooY6hJlZz2aYLy7le+hky9AQJJQGsc5OU8qA451jvemSb3GuPmIcnNZgfx9wKl5zDEqxQ=="
    },
    "object-assign": {
      "version": "4.1.1",
      "resolved": "https://registry.npmjs.org/object-assign/-/object-assign-4.1.1.tgz",
      "integrity": "sha1-IQmtx5ZYh8/AXLvUQsrIv7s2CGM="
    },
    "prop-types": {
      "version": "15.7.2",
      "resolved": "https://registry.npmjs.org/prop-types/-/prop-types-15.7.2.tgz",
      "integrity": "sha512-8QQikdH7//R2vurIJSutZ1smHYTcLpRWEOlHnzcWHmBYrOGUysKwSsrC89BCiFj3CbrfJ/nXFdJepOVrY1GCHQ==",
      "requires": {
        "loose-envify": "^1.4.0",
        "object-assign": "^4.1.1",
        "react-is": "^16.8.1"
      }
    },
    "react": {
      "version": "16.13.1",
      "resolved": "https://registry.npmjs.org/react/-/react-16.13.1.tgz",
      "integrity": "sha512-YMZQQq32xHLX0bz5Mnibv1/LHb3Sqzngu7xstSM+vrkE5Kzr9xE0yMByK5kMoTK30YVJE61WfbxIFFvfeDKT1w==",
      "requires": {
        "loose-envify": "^1.1.0",
        "object-assign": "^4.1.1",
        "prop-types": "^15.6.2"
      }
    },
    "react-dom": {
      "version": "16.13.1",
      "resolved": "https://registry.npmjs.org/react-dom/-/react-dom-16.13.1.tgz",
      "integrity": "sha512-81PIMmVLnCNLO/fFOQxdQkvEq/+Hfpv24XNJfpyZhTRfO0QcmQIF/PgCa1zCOj2w1hrn12MFLyaJ/G0+Mxtfag==",
      "requires": {
        "loose-envify": "^1.1.0",
        "object-assign": "^4.1.1",
        "prop-types": "^15.6.2",
        "scheduler": "^0.19.1"
      }
    },
    "react-is": {
      "version": "16.13.1",
      "resolved": "https://registry.npmjs.org/react-is/-/react-is-16.13.1.tgz",
      "integrity": "sha512-24e6ynE2H+OKt4kqsOvNd8kBpV65zoxbA4BVsEOB3ARVWQki/DHzaUoC5KuON/BiccDaCCTZBuOcfZs70kR8bQ=="
    },
    "regenerator-runtime": {
      "version": "0.12.1",
      "resolved": "https://registry.npmjs.org/regenerator-runtime/-/regenerator-runtime-0.12.1.tgz",
      "integrity": "sha512-odxIc1/vDlo4iZcfXqRYFj0vpXFNoGdKMAUieAlFYO6m/nl5e9KR/beGf41z4a1FI+aQgtjhuaSlDxQ0hmkrHg=="
    },
    "scheduler": {
      "version": "0.19.1",
      "resolved": "https://registry.npmjs.org/scheduler/-/scheduler-0.19.1.tgz",
      "integrity": "sha512-n/zwRWRYSUj0/3g/otKDRPMh6qv2SYMWNq85IEa8iZyAv8od9zDYpGSnpBEjNgcMNq6Scbu5KfIPxNF72R/2EA==",
      "requires": {
        "loose-envify": "^1.1.0",
        "object-assign": "^4.1.1"
      }
    },
    "url-search-params-polyfill": {
      "version": "5.1.0",
      "resolved": "https://registry.npmjs.org/url-search-params-polyfill/-/url-search-params-polyfill-5.1.0.tgz",
      "integrity": "sha512-yjFY7uw2xRf9e8Mg4ZVkZwtp8dMCC4cbBkEIZiTDpuSY2WJ9+Quw0wRhxncv32qaMQwmBQT+P847rO8PrFhhDA=="
    }
  }
}
